
Microsoft Visual Studio Solution File, Format Version 12.00
# Visual Studio Version 17
VisualStudioVersion = 17.7.34031.279
MinimumVisualStudioVersion = 10.0.40219.1
Project("{9A19103F-16F7-4668-BE54-9A1E7A4F7556}") = "NeudesicDirectoryList", "NeudesicDirectoryList\NeudesicDirectoryList.csproj", "{D8998009-6722-4379-8711-93C2AC2CFAF5}"
EndProject
Global
	GlobalSection(SolutionConfigurationPlatforms) = preSolution
		Debug|Any CPU = Debug|Any CPU
		Release|Any CPU = Release|Any CPU
	EndGlobalSection
	GlobalSection(ProjectConfigurationPlatforms) = postSolution
		{D8998009-6722-4379-8711-93C2AC2CFAF5}.Debug|Any CPU.ActiveCfg = Debug|Any CPU
		{D8998009-6722-4379-8711-93C2AC2CFAF5}.Debug|Any CPU.Build.0 = Debug|Any CPU
		{D8998009-6722-4379-8711-93C2AC2CFAF5}.Release|Any CPU.ActiveCfg = Release|Any CPU
		{D8998009-6722-4379-8711-93C2AC2CFAF5}.Release|Any CPU.Build.0 = Release|Any CPU
	EndGlobalSection
	GlobalSection(SolutionProperties) = preSolution
		HideSolutionNode = FALSE
	EndGlobalSection
	GlobalSection(ExtensibilityGlobals) = postSolution
		SolutionGuid = {B9E91B29-0DA8-4BAF-9685-0CAFB692B196}
	EndGlobalSection
EndGlobal
